
Microsoft Visual Studio Solution File, Format Version 12.00
# Visual Studio 15
VisualStudioVersion = 15.0.28307.1758
MinimumVisualStudioVersion = 10.0.40219.1
Project("{FAE04EC0-301F-11D3-BF4B-00C04F79EFBC}") = "CapaDatos", "CapaDatos\CapaDatos.csproj", "{B44D6A18-CADC-4FC1-92A3-2E884FF2EF85}"
EndProject
Project("{FAE04EC0-301F-11D3-BF4B-00C04F79EFBC}") = "CapaNegocio", "CapaNegocio\CapaNegocio.csproj", "{3E5258CE-2AC9-46AF-BB28-B79DA707351B}"
EndProject
Project("{FAE04EC0-301F-11D3-BF4B-00C04F79EFBC}") = "CapaPresentacion", "CaoaPresentacion\CapaPresentacion.csproj", "{09F48DEE-D9F0-49DE-85E9-9D1C9084FF0D}"
EndProject
Global
	GlobalSection(SolutionConfigurationPlatforms) = preSolution
		Debug|Any CPU = Debug|Any CPU
		Release|Any CPU = Release|Any CPU
	EndGlobalSection
	GlobalSection(ProjectConfigurationPlatforms) = postSolution
		{B44D6A18-CADC-4FC1-92A3-2E884FF2EF85}.Debug|Any CPU.ActiveCfg = Debug|Any CPU
		{B44D6A18-CADC-4FC1-92A3-2E884FF2EF85}.Debug|Any CPU.Build.0 = Debug|Any CPU
		{B44D6A18-CADC-4FC1-92A3-2E884FF2EF85}.Release|Any CPU.ActiveCfg = Release|Any CPU
		{B44D6A18-CADC-4FC1-92A3-2E884FF2EF85}.Release|Any CPU.Build.0 = Release|Any CPU
		{3E5258CE-2AC9-46AF-BB28-B79DA707351B}.Debug|Any CPU.ActiveCfg = Debug|Any CPU
		{3E5258CE-2AC9-46AF-BB28-B79DA707351B}.Debug|Any CPU.Build.0 = Debug|Any CPU
		{3E5258CE-2AC9-46AF-BB28-B79DA707351B}.Release|Any CPU.ActiveCfg = Release|Any CPU
		{3E5258CE-2AC9-46AF-BB28-B79DA707351B}.Release|Any CPU.Build.0 = Release|Any CPU
		{09F48DEE-D9F0-49DE-85E9-9D1C9084FF0D}.Debug|Any CPU.ActiveCfg = Debug|Any CPU
		{09F48DEE-D9F0-49DE-85E9-9D1C9084FF0D}.Debug|Any CPU.Build.0 = Debug|Any CPU
		{09F48DEE-D9F0-49DE-85E9-9D1C9084FF0D}.Release|Any CPU.ActiveCfg = Release|Any CPU
		{09F48DEE-D9F0-49DE-85E9-9D1C9084FF0D}.Release|Any CPU.Build.0 = Release|Any CPU
	EndGlobalSection
	GlobalSection(SolutionProperties) = preSolution
		HideSolutionNode = FALSE
	EndGlobalSection
	GlobalSection(ExtensibilityGlobals) = postSolution
		SolutionGuid = {EE690BF8-B48E-4AA0-9CD6-C0437C7ECD73}
	EndGlobalSection
EndGlobal
